
Microsoft Visual Studio Solution File, Format Version 12.00
# Visual Studio Version 17
VisualStudioVersion = 17.6.33815.320
MinimumVisualStudioVersion = 10.0.40219.1
Project("{FAE04EC0-301F-11D3-BF4B-00C04F79EFBC}") = "ArrayRangeC#", "ArrayRangeC#\ArrayRangeC#.csproj", "{7770273E-62B0-4C26-A6D4-057F8E4D4BDB}"
EndProject
Global
	GlobalSection(SolutionConfigurationPlatforms) = preSolution
		Debug|Any CPU = Debug|Any CPU
		Release|Any CPU = Release|Any CPU
	EndGlobalSection
	GlobalSection(ProjectConfigurationPlatforms) = postSolution
		{7770273E-62B0-4C26-A6D4-057F8E4D4BDB}.Debug|Any CPU.ActiveCfg = Debug|Any CPU
		{7770273E-62B0-4C26-A6D4-057F8E4D4BDB}.Debug|Any CPU.Build.0 = Debug|Any CPU
		{7770273E-62B0-4C26-A6D4-057F8E4D4BDB}.Release|Any CPU.ActiveCfg = Release|Any CPU
		{7770273E-62B0-4C26-A6D4-057F8E4D4BDB}.Release|Any CPU.Build.0 = Release|Any CPU
	EndGlobalSection
	GlobalSection(SolutionProperties) = preSolution
		HideSolutionNode = FALSE
	EndGlobalSection
	GlobalSection(ExtensibilityGlobals) = postSolution
		SolutionGuid = {B76AEEC3-CAA1-4A68-8D51-64975A61806F}
	EndGlobalSection
EndGlobal
